
Microsoft Visual Studio Solution File, Format Version 12.00
# Visual Studio Version 17
VisualStudioVersion = 17.5.33516.290
MinimumVisualStudioVersion = 10.0.40219.1
Project("{FAE04EC0-301F-11D3-BF4B-00C04F79EFBC}") = "SentimentAnalysisApp", "SentimentAnalysisApp\SentimentAnalysisApp.csproj", "{95B93F75-958F-4F6C-AFB1-4D4ABC0D40F7}"
EndProject
Global
	GlobalSection(SolutionConfigurationPlatforms) = preSolution
		Debug|Any CPU = Debug|Any CPU
		Release|Any CPU = Release|Any CPU
	EndGlobalSection
	GlobalSection(ProjectConfigurationPlatforms) = postSolution
		{95B93F75-958F-4F6C-AFB1-4D4ABC0D40F7}.Debug|Any CPU.ActiveCfg = Debug|Any CPU
		{95B93F75-958F-4F6C-AFB1-4D4ABC0D40F7}.Debug|Any CPU.Build.0 = Debug|Any CPU
		{95B93F75-958F-4F6C-AFB1-4D4ABC0D40F7}.Release|Any CPU.ActiveCfg = Release|Any CPU
		{95B93F75-958F-4F6C-AFB1-4D4ABC0D40F7}.Release|Any CPU.Build.0 = Release|Any CPU
	EndGlobalSection
	GlobalSection(SolutionProperties) = preSolution
		HideSolutionNode = FALSE
	EndGlobalSection
	GlobalSection(ExtensibilityGlobals) = postSolution
		SolutionGuid = {40900A33-A2E1-4714-9B61-420FC505BFF2}
	EndGlobalSection
EndGlobal
